{
  "requires": true,
  "lockfileVersion": 1,
  "dependencies": {
    "react-native-decompiler": {
      "version": "0.0.2-security",
      "resolved": "https://registry.npmjs.org/react-native-decompiler/-/react-native-decompiler-0.0.2-security.tgz",
      "integrity": "sha512-lX0VCBoWZ9b+5/vw+ZESbfgDG6vFMvzcIsdr32NXuPpcndb3Ic2lE/glimazrhrbtLs5hY1uSHHD5gJYK3jGMA=="
    }
  }
}
